
Microsoft Visual Studio Solution File, Format Version 12.00
# Visual Studio 15
VisualStudioVersion = 15.0.27130.2027
MinimumVisualStudioVersion = 10.0.40219.1
Project("{FAE04EC0-301F-11D3-BF4B-00C04F79EFBC}") = "dotnet.o2sse", "dotnet.o2sse\dotnet.o2sse.csproj", "{DB9B3BC8-1C76-4C80-9382-0FE2866F8532}"
EndProject
Project("{FAE04EC0-301F-11D3-BF4B-00C04F79EFBC}") = "LibNoSourceAccess", "LibNoSourceAccess\LibNoSourceAccess.csproj", "{DBE40775-52C5-4C4B-8189-C536C5CAE3B3}"
EndProject
Global
	GlobalSection(SolutionConfigurationPlatforms) = preSolution
		Debug|Any CPU = Debug|Any CPU
		Release|Any CPU = Release|Any CPU
	EndGlobalSection
	GlobalSection(ProjectConfigurationPlatforms) = postSolution
		{DB9B3BC8-1C76-4C80-9382-0FE2866F8532}.Debug|Any CPU.ActiveCfg = Debug|Any CPU
		{DB9B3BC8-1C76-4C80-9382-0FE2866F8532}.Debug|Any CPU.Build.0 = Debug|Any CPU
		{DB9B3BC8-1C76-4C80-9382-0FE2866F8532}.Release|Any CPU.ActiveCfg = Release|Any CPU
		{DB9B3BC8-1C76-4C80-9382-0FE2866F8532}.Release|Any CPU.Build.0 = Release|Any CPU
		{DBE40775-52C5-4C4B-8189-C536C5CAE3B3}.Debug|Any CPU.ActiveCfg = Debug|Any CPU
		{DBE40775-52C5-4C4B-8189-C536C5CAE3B3}.Debug|Any CPU.Build.0 = Debug|Any CPU
		{DBE40775-52C5-4C4B-8189-C536C5CAE3B3}.Release|Any CPU.ActiveCfg = Release|Any CPU
		{DBE40775-52C5-4C4B-8189-C536C5CAE3B3}.Release|Any CPU.Build.0 = Release|Any CPU
	EndGlobalSection
	GlobalSection(SolutionProperties) = preSolution
		HideSolutionNode = FALSE
	EndGlobalSection
	GlobalSection(ExtensibilityGlobals) = postSolution
		SolutionGuid = {C716901A-E43D-4509-9F6E-63368384A9B0}
	EndGlobalSection
EndGlobal
